// !$*UTF8*$!
{
	archiveVersion = 1;
	classes = {
	};
	objectVersion = 56;
	objects = {

/* Begin PBXBuildFile section */
		ACAF585F29745EDC003E88EA /* AppDelegate.swift in Sources */ = {isa = PBXBuildFile; fileRef = ACAF585E29745EDC003E88EA /* AppDelegate.swift */; };
		ACAF586129745EDC003E88EA /* SceneDelegate.swift in Sources */ = {isa = PBXBuildFile; fileRef = ACAF586029745EDC003E88EA /* SceneDelegate.swift */; };
		ACAF586329745EDC003E88EA /* ViewController.swift in Sources */ = {isa = PBXBuildFile; fileRef = ACAF586229745EDC003E88EA /* ViewController.swift */; };
		ACAF586629745EDC003E88EA /* Main.storyboard in Resources */ = {isa = PBXBuildFile; fileRef = ACAF586429745EDC003E88EA /* Main.storyboard */; };
		ACAF586829745EDD003E88EA /* Assets.xcassets in Resources */ = {isa = PBXBuildFile; fileRef = ACAF586729745EDD003E88EA /* Assets.xcassets */; };
		ACAF586B29745EDD003E88EA /* LaunchScreen.storyboard in Resources */ = {isa = PBXBuildFile; fileRef = ACAF586929745EDD003E88EA /* LaunchScreen.storyboard */; };
		ACCDB75929754D0C00DEA7BF /* UIImageView + Extension.swift in Sources */ = {isa = PBXBuildFile; fileRef = ACCDB75529754D0C00DEA7BF /* UIImageView + Extension.swift */; };
		ACCDB75A29754D0C00DEA7BF /* UIButton + Extension.swift in Sources */ = {isa = PBXBuildFile; fileRef = ACCDB75629754D0C00DEA7BF /* UIButton + Extension.swift */; };
		ACCDB75B29754D0C00DEA7BF /* UIPicker + Extension.swift in Sources */ = {isa = PBXBuildFile; fileRef = ACCDB75729754D0C00DEA7BF /* UIPicker + Extension.swift */; };
		ACCDB75C29754D0C00DEA7BF /* UITextField + Extension.swift in Sources */ = {isa = PBXBuildFile; fileRef = ACCDB75829754D0C00DEA7BF /* UITextField + Extension.swift */; };
		ACCDB75E29754D1300DEA7BF /* Activity.swift in Sources */ = {isa = PBXBuildFile; fileRef = ACCDB75D29754D1300DEA7BF /* Activity.swift */; };
/* End PBXBuildFile section */

/* Begin PBXFileReference section */
		ACAF585B29745EDC003E88EA /* Activ.app */ = {isa = PBXFileReference; explicitFileType = wrapper.application; includeInIndex = 0; path = Activ.app; sourceTree = BUILT_PRODUCTS_DIR; };
		ACAF585E29745EDC003E88EA /* AppDelegate.swift */ = {isa = PBXFileReference; lastKnownFileType = sourcecode.swift; path = AppDelegate.swift; sourceTree = "<group>"; };
		ACAF586029745EDC003E88EA /* SceneDelegate.swift */ = {isa = PBXFileReference; lastKnownFileType = sourcecode.swift; path = SceneDelegate.swift; sourceTree = "<group>"; };
		ACAF586229745EDC003E88EA /* ViewController.swift */ = {isa = PBXFileReference; lastKnownFileType = sourcecode.swift; path = ViewController.swift; sourceTree = "<group>"; };
		ACAF586529745EDC003E88EA /* Base */ = {isa = PBXFileReference; lastKnownFileType = file.storyboard; name = Base; path = Base.lproj/Main.storyboard; sourceTree = "<group>"; };
		ACAF586729745EDD003E88EA /* Assets.xcassets */ = {isa = PBXFileReference; lastKnownFileType = folder.assetcatalog; path = Assets.xcassets; sourceTree = "<group>"; };
		ACAF586A29745EDD003E88EA /* Base */ = {isa = PBXFileReference; lastKnownFileType = file.storyboard; name = Base; path = Base.lproj/LaunchScreen.storyboard; sourceTree = "<group>"; };
		ACAF586C29745EDE003E88EA /* Info.plist */ = {isa = PBXFileReference; lastKnownFileType = text.plist.xml; path = Info.plist; sourceTree = "<group>"; };
		ACCDB75529754D0C00DEA7BF /* UIImageView + Extension.swift */ = {isa = PBXFileReference; fileEncoding = 4; lastKnownFileType = sourcecode.swift; path = "UIImageView + Extension.swift"; sourceTree = "<group>"; };
		ACCDB75629754D0C00DEA7BF /* UIButton + Extension.swift */ = {isa = PBXFileReference; fileEncoding = 4; lastKnownFileType = sourcecode.swift; path = "UIButton + Extension.swift"; sourceTree = "<group>"; };
		ACCDB75729754D0C00DEA7BF /* UIPicker + Extension.swift */ = {isa = PBXFileReference; fileEncoding = 4; lastKnownFileType = sourcecode.swift; path = "UIPicker + Extension.swift"; sourceTree = "<group>"; };
		ACCDB75829754D0C00DEA7BF /* UITextField + Extension.swift */ = {isa = PBXFileReference; fileEncoding = 4; lastKnownFileType = sourcecode.swift; path = "UITextField + Extension.swift"; sourceTree = "<group>"; };
		ACCDB75D29754D1300DEA7BF /* Activity.swift */ = {isa = PBXFileReference; fileEncoding = 4; lastKnownFileType = sourcecode.swift; path = Activity.swift; sourceTree = "<group>"; };
/* End PBXFileReference section */

/* Begin PBXFrameworksBuildPhase section */
		ACAF585829745EDC003E88EA /* Frameworks */ = {
			isa = PBXFrameworksBuildPhase;
			buildActionMask = 2147483647;
			files = (
			);
			runOnlyForDeploymentPostprocessing = 0;
		};
/* End PBXFrameworksBuildPhase section */

/* Begin PBXGroup section */
		ACAF585229745EDC003E88EA = {
			isa = PBXGroup;
			children = (
				ACAF585D29745EDC003E88EA /* Activ */,
				ACAF585C29745EDC003E88EA /* Products */,
			);
			sourceTree = "<group>";
		};
		ACAF585C29745EDC003E88EA /* Products */ = {
			isa = PBXGroup;
			children = (
				ACAF585B29745EDC003E88EA /* Activ.app */,
			);
			name = Products;
			sourceTree = "<group>";
		};
		ACAF585D29745EDC003E88EA /* Activ */ = {
			isa = PBXGroup;
			children = (
				ACAF585E29745EDC003E88EA /* AppDelegate.swift */,
				ACAF586029745EDC003E88EA /* SceneDelegate.swift */,
				ACAF586229745EDC003E88EA /* ViewController.swift */,
				ACCDB75D29754D1300DEA7BF /* Activity.swift */,
				ACCDB75429754D0C00DEA7BF /* Extension */,
				ACAF586429745EDC003E88EA /* Main.storyboard */,
				ACAF586729745EDD003E88EA /* Assets.xcassets */,
				ACAF586929745EDD003E88EA /* LaunchScreen.storyboard */,
				ACAF586C29745EDE003E88EA /* Info.plist */,
			);
			path = Activ;
			sourceTree = "<group>";
		};
		ACCDB75429754D0C00DEA7BF /* Extension */ = {
			isa = PBXGroup;
			children = (
				ACCDB75529754D0C00DEA7BF /* UIImageView + Extension.swift */,
				ACCDB75629754D0C00DEA7BF /* UIButton + Extension.swift */,
				ACCDB75729754D0C00DEA7BF /* UIPicker + Extension.swift */,
				ACCDB75829754D0C00DEA7BF /* UITextField + Extension.swift */,
			);
			path = Extension;
			sourceTree = "<group>";
		};
/* End PBXGroup section */

/* Begin PBXNativeTarget section */
		ACAF585A29745EDC003E88EA /* Activ */ = {
			isa = PBXNativeTarget;
			buildConfigurationList = ACAF586F29745EDE003E88EA /* Build configuration list for PBXNativeTarget "Activ" */;
			buildPhases = (
				ACAF585729745EDC003E88EA /* Sources */,
				ACAF585829745EDC003E88EA /* Frameworks */,
				ACAF585929745EDC003E88EA /* Resources */,
			);
			buildRules = (
			);
			dependencies = (
			);
			name = Activ;
			productName = Activ;
			productReference = ACAF585B29745EDC003E88EA /* Activ.app */;
			productType = "com.apple.product-type.application";
		};
/* End PBXNativeTarget section */

/* Begin PBXProject section */
		ACAF585329745EDC003E88EA /* Project object */ = {
			isa = PBXProject;
			attributes = {
				BuildIndependentTargetsInParallel = 1;
				LastSwiftUpdateCheck = 1400;
				LastUpgradeCheck = 1400;
				TargetAttributes = {
					ACAF585A29745EDC003E88EA = {
						CreatedOnToolsVersion = 14.0.1;
					};
				};
			};
			buildConfigurationList = ACAF585629745EDC003E88EA /* Build configuration list for PBXProject "Activ" */;
			compatibilityVersion = "Xcode 14.0";
			developmentRegion = en;
			hasScannedForEncodings = 0;
			knownRegions = (
				en,
				Base,
			);
			mainGroup = ACAF585229745EDC003E88EA;
			productRefGroup = ACAF585C29745EDC003E88EA /* Products */;
			projectDirPath = "";
			projectRoot = "";
			targets = (
				ACAF585A29745EDC003E88EA /* Activ */,
			);
		};
/* End PBXProject section */

/* Begin PBXResourcesBuildPhase section */
		ACAF585929745EDC003E88EA /* Resources */ = {
			isa = PBXResourcesBuildPhase;
			buildActionMask = 2147483647;
			files = (
				ACAF586B29745EDD003E88EA /* LaunchScreen.storyboard in Resources */,
				ACAF586829745EDD003E88EA /* Assets.xcassets in Resources */,
				ACAF586629745EDC003E88EA /* Main.storyboard in Resources */,
			);
			runOnlyForDeploymentPostprocessing = 0;
		};
/* End PBXResourcesBuildPhase section */

/* Begin PBXSourcesBuildPhase section */
		ACAF585729745EDC003E88EA /* Sources */ = {
			isa = PBXSourcesBuildPhase;
			buildActionMask = 2147483647;
			files = (
				ACCDB75A29754D0C00DEA7BF /* UIButton + Extension.swift in Sources */,
				ACCDB75C29754D0C00DEA7BF /* UITextField + Extension.swift in Sources */,
				ACCDB75929754D0C00DEA7BF /* UIImageView + Extension.swift in Sources */,
				ACAF586329745EDC003E88EA /* ViewController.swift in Sources */,
				ACCDB75B29754D0C00DEA7BF /* UIPicker + Extension.swift in Sources */,
				ACAF585F29745EDC003E88EA /* AppDelegate.swift in Sources */,
				ACCDB75E29754D1300DEA7BF /* Activity.swift in Sources */,
				ACAF586129745EDC003E88EA /* SceneDelegate.swift in Sources */,
			);
			runOnlyForDeploymentPostprocessing = 0;
		};
/* End PBXSourcesBuildPhase section */

/* Begin PBXVariantGroup section */
		ACAF586429745EDC003E88EA /* Main.storyboard */ = {
			isa = PBXVariantGroup;
			children = (
				ACAF586529745EDC003E88EA /* Base */,
			);
			name = Main.storyboard;
			sourceTree = "<group>";
		};
		ACAF586929745EDD003E88EA /* LaunchScreen.storyboard */ = {
			isa = PBXVariantGroup;
			children = (
				ACAF586A29745EDD003E88EA /* Base */,
			);
			name = LaunchScreen.storyboard;
			sourceTree = "<group>";
		};
/* End PBXVariantGroup section */

/* Begin XCBuildConfiguration section */
		ACAF586D29745EDE003E88EA /* Debug */ = {
			isa = XCBuildConfiguration;
			buildSettings = {
				ALWAYS_SEARCH_USER_PATHS = NO;
				CLANG_ANALYZER_NONNULL = YES;
				CLANG_ANALYZER_NUMBER_OBJECT_CONVERSION = YES_AGGRESSIVE;
				CLANG_CXX_LANGUAGE_STANDARD = "gnu++20";
				CLANG_ENABLE_MODULES = YES;
				CLANG_ENABLE_OBJC_ARC = YES;
				CLANG_ENABLE_OBJC_WEAK = YES;
				CLANG_WARN_BLOCK_CAPTURE_AUTORELEASING = YES;
				CLANG_WARN_BOOL_CONVERSION = YES;
				CLANG_WARN_COMMA = YES;
				CLANG_WARN_CONSTANT_CONVERSION = YES;
				CLANG_WARN_DEPRECATED_OBJC_IMPLEMENTATIONS = YES;
				CLANG_WARN_DIRECT_OBJC_ISA_USAGE = YES_ERROR;
				CLANG_WARN_DOCUMENTATION_COMMENTS = YES;
				CLANG_WARN_EMPTY_BODY = YES;
				CLANG_WARN_ENUM_CONVERSION = YES;
				CLANG_WARN_INFINITE_RECURSION = YES;
				CLANG_WARN_INT_CONVERSION = YES;
				CLANG_WARN_NON_LITERAL_NULL_CONVERSION = YES;
				CLANG_WARN_OBJC_IMPLICIT_RETAIN_SELF = YES;
				CLANG_WARN_OBJC_LITERAL_CONVERSION = YES;
				CLANG_WARN_OBJC_ROOT_CLASS = YES_ERROR;
				CLANG_WARN_QUOTED_INCLUDE_IN_FRAMEWORK_HEADER = YES;
				CLANG_WARN_RANGE_LOOP_ANALYSIS = YES;
				CLANG_WARN_STRICT_PROTOTYPES = YES;
				CLANG_WARN_SUSPICIOUS_MOVE = YES;
				CLANG_WARN_UNGUARDED_AVAILABILITY = YES_AGGRESSIVE;
				CLANG_WARN_UNREACHABLE_CODE = YES;
				CLANG_WARN__DUPLICATE_METHOD_MATCH = YES;
				COPY_PHASE_STRIP = NO;
				DEBUG_INFORMATION_FORMAT = dwarf;
				ENABLE_STRICT_OBJC_MSGSEND = YES;
				ENABLE_TESTABILITY = YES;
				GCC_C_LANGUAGE_STANDARD = gnu11;
				GCC_DYNAMIC_NO_PIC = NO;
				GCC_NO_COMMON_BLOCKS = YES;
				GCC_OPTIMIZATION_LEVEL = 0;
				GCC_PREPROCESSOR_DEFINITIONS = (
					"DEBUG=1",
					"$(inherited)",
				);
				GCC_WARN_64_TO_32_BIT_CONVERSION = YES;
				GCC_WARN_ABOUT_RETURN_TYPE = YES_ERROR;
				GCC_WARN_UNDECLARED_SELECTOR = YES;
				GCC_WARN_UNINITIALIZED_AUTOS = YES_AGGRESSIVE;
				GCC_WARN_UNUSED_FUNCTION = YES;
				GCC_WARN_UNUSED_VARIABLE = YES;
				IPHONEOS_DEPLOYMENT_TARGET = 16.0;
				MTL_ENABLE_DEBUG_INFO = INCLUDE_SOURCE;
				MTL_FAST_MATH = YES;
				ONLY_ACTIVE_ARCH = YES;
				SDKROOT = iphoneos;
				SWIFT_ACTIVE_COMPILATION_CONDITIONS = DEBUG;
				SWIFT_OPTIMIZATION_LEVEL = "-Onone";
			};
			name = Debug;
		};
		ACAF586E29745EDE003E88EA /* Release */ = {
			isa = XCBuildConfiguration;
			buildSettings = {
				ALWAYS_SEARCH_USER_PATHS = NO;
				CLANG_ANALYZER_NONNULL = YES;
				CLANG_ANALYZER_NUMBER_OBJECT_CONVERSION = YES_AGGRESSIVE;
				CLANG_CXX_LANGUAGE_STANDARD = "gnu++20";
				CLANG_ENABLE_MODULES = YES;
				CLANG_ENABLE_OBJC_ARC = YES;
				CLANG_ENABLE_OBJC_WEAK = YES;
				CLANG_WARN_BLOCK_CAPTURE_AUTORELEASING = YES;
				CLANG_WARN_BOOL_CONVERSION = YES;
				CLANG_WARN_COMMA = YES;
				CLANG_WARN_CONSTANT_CONVERSION = YES;
				CLANG_WARN_DEPRECATED_OBJC_IMPLEMENTATIONS = YES;
				CLANG_WARN_DIRECT_OBJC_ISA_USAGE = YES_ERROR;
				CLANG_WARN_DOCUMENTATION_COMMENTS = YES;
				CLANG_WARN_EMPTY_BODY = YES;
				CLANG_WARN_ENUM_CONVERSION = YES;
				CLANG_WARN_INFINITE_RECURSION = YES;
				CLANG_WARN_INT_CONVERSION = YES;
				CLANG_WARN_NON_LITERAL_NULL_CONVERSION = YES;
				CLANG_WARN_OBJC_IMPLICIT_RETAIN_SELF = YES;
				CLANG_WARN_OBJC_LITERAL_CONVERSION = YES;
				CLANG_WARN_OBJC_ROOT_CLASS = YES_ERROR;
				CLANG_WARN_QUOTED_INCLUDE_IN_FRAMEWORK_HEADER = YES;
				CLANG_WARN_RANGE_LOOP_ANALYSIS = YES;
				CLANG_WARN_STRICT_PROTOTYPES = YES;
				CLANG_WARN_SUSPICIOUS_MOVE = YES;
				CLANG_WARN_UNGUARDED_AVAILABILITY = YES_AGGRESSIVE;
				CLANG_WARN_UNREACHABLE_CODE = YES;
				CLANG_WARN__DUPLICATE_METHOD_MATCH = YES;
				COPY_PHASE_STRIP = NO;
				DEBUG_INFORMATION_FORMAT = "dwarf-with-dsym";
				ENABLE_NS_ASSERTIONS = NO;
				ENABLE_STRICT_OBJC_MSGSEND = YES;
				GCC_C_LANGUAGE_STANDARD = gnu11;
				GCC_NO_COMMON_BLOCKS = YES;
				GCC_WARN_64_TO_32_BIT_CONVERSION = YES;
				GCC_WARN_ABOUT_RETURN_TYPE = YES_ERROR;
				GCC_WARN_UNDECLARED_SELECTOR = YES;
				GCC_WARN_UNINITIALIZED_AUTOS = YES_AGGRESSIVE;
				GCC_WARN_UNUSED_FUNCTION = YES;
				GCC_WARN_UNUSED_VARIABLE = YES;
				IPHONEOS_DEPLOYMENT_TARGET = 16.0;
				MTL_ENABLE_DEBUG_INFO = NO;
				MTL_FAST_MATH = YES;
				SDKROOT = iphoneos;
				SWIFT_COMPILATION_MODE = wholemodule;
				SWIFT_OPTIMIZATION_LEVEL = "-O";
				VALIDATE_PRODUCT = YES;
			};
			name = Release;
		};
		ACAF587029745EDE003E88EA /* Debug */ = {
			isa = XCBuildConfiguration;
			buildSettings = {
				ASSETCATALOG_COMPILER_APPICON_NAME = AppIcon;
				ASSETCATALOG_COMPILER_GLOBAL_ACCENT_COLOR_NAME = AccentColor;
				CODE_SIGN_STYLE = Automatic;
				CURRENT_PROJECT_VERSION = 1;
				GENERATE_INFOPLIST_FILE = YES;
				INFOPLIST_FILE = Activ/Info.plist;
				INFOPLIST_KEY_UIApplicationSupportsIndirectInputEvents = YES;
				INFOPLIST_KEY_UILaunchStoryboardName = LaunchScreen;
				INFOPLIST_KEY_UISupportedInterfaceOrientations_iPad = "UIInterfaceOrientationPortrait UIInterfaceOrientationPortraitUpsideDown UIInterfaceOrientationLandscapeLeft UIInterfaceOrientationLandscapeRight";
				INFOPLIST_KEY_UISupportedInterfaceOrientations_iPhone = "UIInterfaceOrientationPortrait UIInterfaceOrientationLandscapeLeft UIInterfaceOrientationLandscapeRight";
				LD_RUNPATH_SEARCH_PATHS = (
					"$(inherited)",
					"@executable_path/Frameworks",
				);
				MARKETING_VERSION = 1.0;
				PRODUCT_BUNDLE_IDENTIFIER = Artemka.Activ;
				PRODUCT_NAME = "$(TARGET_NAME)";
				SWIFT_EMIT_LOC_STRINGS = YES;
				SWIFT_VERSION = 5.0;
				TARGETED_DEVICE_FAMILY = "1,2";
			};
			name = Debug;
		};
		ACAF587129745EDE003E88EA /* Release */ = {
			isa = XCBuildConfiguration;
			buildSettings = {
				ASSETCATALOG_COMPILER_APPICON_NAME = AppIcon;
				ASSETCATALOG_COMPILER_GLOBAL_ACCENT_COLOR_NAME = AccentColor;
				CODE_SIGN_STYLE = Automatic;
				CURRENT_PROJECT_VERSION = 1;
				GENERATE_INFOPLIST_FILE = YES;
				INFOPLIST_FILE = Activ/Info.plist;
				INFOPLIST_KEY_UIApplicationSupportsIndirectInputEvents = YES;
				INFOPLIST_KEY_UILaunchStoryboardName = LaunchScreen;
				INFOPLIST_KEY_UISupportedInterfaceOrientations_iPad = "UIInterfaceOrientationPortrait UIInterfaceOrientationPortraitUpsideDown UIInterfaceOrientationLandscapeLeft UIInterfaceOrientationLandscapeRight";
				INFOPLIST_KEY_UISupportedInterfaceOrientations_iPhone = "UIInterfaceOrientationPortrait UIInterfaceOrientationLandscapeLeft UIInterfaceOrientationLandscapeRight";
				LD_RUNPATH_SEARCH_PATHS = (
					"$(inherited)",
					"@executable_path/Frameworks",
				);
				MARKETING_VERSION = 1.0;
				PRODUCT_BUNDLE_IDENTIFIER = Artemka.Activ;
				PRODUCT_NAME = "$(TARGET_NAME)";
				SWIFT_EMIT_LOC_STRINGS = YES;
				SWIFT_VERSION = 5.0;
				TARGETED_DEVICE_FAMILY = "1,2";
			};
			name = Release;
		};
/* End XCBuildConfiguration section */

/* Begin XCConfigurationList section */
		ACAF585629745EDC003E88EA /* Build configuration list for PBXProject "Activ" */ = {
			isa = XCConfigurationList;
			buildConfigurations = (
				ACAF586D29745EDE003E88EA /* Debug */,
				ACAF586E29745EDE003E88EA /* Release */,
			);
			defaultConfigurationIsVisible = 0;
			defaultConfigurationName = Release;
		};
		ACAF586F29745EDE003E88EA /* Build configuration list for PBXNativeTarget "Activ" */ = {
			isa = XCConfigurationList;
			buildConfigurations = (
				ACAF587029745EDE003E88EA /* Debug */,
				ACAF587129745EDE003E88EA /* Release */,
			);
			defaultConfigurationIsVisible = 0;
			defaultConfigurationName = Release;
		};
/* End XCConfigurationList section */
	};
	rootObject = ACAF585329745EDC003E88EA /* Project object */;
}
